
Microsoft Visual Studio Solution File, Format Version 12.00
# Visual Studio Version 17
VisualStudioVersion = 17.8.34309.116
MinimumVisualStudioVersion = 10.0.40219.1
Project("{9A19103F-16F7-4668-BE54-9A1E7A4F7556}") = "GithubPullRequestReviewer.ReviewerAPI", "GithubPullRequestReviewer.ReviewerAPI\GithubPullRequestReviewer.ReviewerAPI.csproj", "{E9AB87FB-7D81-46C2-BF7C-EF1F62A94A79}"
EndProject
Project("{9A19103F-16F7-4668-BE54-9A1E7A4F7556}") = "GithubPullRequestReviewer.BusinessLogic", "GithubPullRequestReviewer.BusinessLogic\GithubPullRequestReviewer.BusinessLogic.csproj", "{11B701C8-B83A-41D3-A4D3-F570E19B50B8}"
EndProject
Project("{9A19103F-16F7-4668-BE54-9A1E7A4F7556}") = "GithubPullRequestReviewer.PullRequestAPI", "GithubPullRequestReviewer.PullRequestAPI\GithubPullRequestReviewer.PullRequestAPI.csproj", "{18A4B7F5-3CD7-475B-9B6A-3E6883C1D992}"
EndProject
Project("{9A19103F-16F7-4668-BE54-9A1E7A4F7556}") = "GithubPullRequestReviewer.DataAccess", "GithubPullRequestReviewer.DataAccess\GithubPullRequestReviewer.DataAccess.csproj", "{90610B2B-A82E-4F40-8564-E96C77ED0B43}"
EndProject
Project("{9A19103F-16F7-4668-BE54-9A1E7A4F7556}") = "GithubPullRequestReviewer.Domain", "GithubPullRequestReviewer.Domain\GithubPullRequestReviewer.Domain.csproj", "{4E8F1B64-57B5-420B-A19E-A3C393C72CCB}"
EndProject
Project("{9A19103F-16F7-4668-BE54-9A1E7A4F7556}") = "GithubPullRequestReviewer.EventHandler", "GithubPullRequestReviewer.EventHandler\GithubPullRequestReviewer.EventHandler.csproj", "{5BA03C75-05BC-458E-AF1D-8167BBDA9E4C}"
EndProject
Global
	GlobalSection(SolutionConfigurationPlatforms) = preSolution
		Debug|Any CPU = Debug|Any CPU
		Release|Any CPU = Release|Any CPU
	EndGlobalSection
	GlobalSection(ProjectConfigurationPlatforms) = postSolution
		{E9AB87FB-7D81-46C2-BF7C-EF1F62A94A79}.Debug|Any CPU.ActiveCfg = Debug|Any CPU
		{E9AB87FB-7D81-46C2-BF7C-EF1F62A94A79}.Debug|Any CPU.Build.0 = Debug|Any CPU
		{E9AB87FB-7D81-46C2-BF7C-EF1F62A94A79}.Release|Any CPU.ActiveCfg = Release|Any CPU
		{E9AB87FB-7D81-46C2-BF7C-EF1F62A94A79}.Release|Any CPU.Build.0 = Release|Any CPU
		{11B701C8-B83A-41D3-A4D3-F570E19B50B8}.Debug|Any CPU.ActiveCfg = Debug|Any CPU
		{11B701C8-B83A-41D3-A4D3-F570E19B50B8}.Debug|Any CPU.Build.0 = Debug|Any CPU
		{11B701C8-B83A-41D3-A4D3-F570E19B50B8}.Release|Any CPU.ActiveCfg = Release|Any CPU
		{11B701C8-B83A-41D3-A4D3-F570E19B50B8}.Release|Any CPU.Build.0 = Release|Any CPU
		{18A4B7F5-3CD7-475B-9B6A-3E6883C1D992}.Debug|Any CPU.ActiveCfg = Debug|Any CPU
		{18A4B7F5-3CD7-475B-9B6A-3E6883C1D992}.Debug|Any CPU.Build.0 = Debug|Any CPU
		{18A4B7F5-3CD7-475B-9B6A-3E6883C1D992}.Release|Any CPU.ActiveCfg = Release|Any CPU
		{18A4B7F5-3CD7-475B-9B6A-3E6883C1D992}.Release|Any CPU.Build.0 = Release|Any CPU
		{90610B2B-A82E-4F40-8564-E96C77ED0B43}.Debug|Any CPU.ActiveCfg = Debug|Any CPU
		{90610B2B-A82E-4F40-8564-E96C77ED0B43}.Debug|Any CPU.Build.0 = Debug|Any CPU
		{90610B2B-A82E-4F40-8564-E96C77ED0B43}.Release|Any CPU.ActiveCfg = Release|Any CPU
		{90610B2B-A82E-4F40-8564-E96C77ED0B43}.Release|Any CPU.Build.0 = Release|Any CPU
		{4E8F1B64-57B5-420B-A19E-A3C393C72CCB}.Debug|Any CPU.ActiveCfg = Debug|Any CPU
		{4E8F1B64-57B5-420B-A19E-A3C393C72CCB}.Debug|Any CPU.Build.0 = Debug|Any CPU
		{4E8F1B64-57B5-420B-A19E-A3C393C72CCB}.Release|Any CPU.ActiveCfg = Release|Any CPU
		{4E8F1B64-57B5-420B-A19E-A3C393C72CCB}.Release|Any CPU.Build.0 = Release|Any CPU
		{5BA03C75-05BC-458E-AF1D-8167BBDA9E4C}.Debug|Any CPU.ActiveCfg = Debug|Any CPU
		{5BA03C75-05BC-458E-AF1D-8167BBDA9E4C}.Debug|Any CPU.Build.0 = Debug|Any CPU
		{5BA03C75-05BC-458E-AF1D-8167BBDA9E4C}.Release|Any CPU.ActiveCfg = Release|Any CPU
		{5BA03C75-05BC-458E-AF1D-8167BBDA9E4C}.Release|Any CPU.Build.0 = Release|Any CPU
	EndGlobalSection
	GlobalSection(SolutionProperties) = preSolution
		HideSolutionNode = FALSE
	EndGlobalSection
	GlobalSection(ExtensibilityGlobals) = postSolution
		SolutionGuid = {357D4B7D-6837-4CEF-92F8-C8797416A951}
	EndGlobalSection
EndGlobal
